// !$*UTF8*$!
{
	archiveVersion = 1;
	classes = {
	};
	objectVersion = 50;
	objects = {

/* Begin PBXBuildFile section */
		3AA3EAD0240BBF49008FDF17 /* ScoreResultVC.swift in Sources */ = {isa = PBXBuildFile; fileRef = 3AA3EACF240BBF49008FDF17 /* ScoreResultVC.swift */; };
		3ADA2A78240A0BEF0068C5F9 /* AppDelegate.swift in Sources */ = {isa = PBXBuildFile; fileRef = 3ADA2A77240A0BEF0068C5F9 /* AppDelegate.swift */; };
		3ADA2A7A240A0BEF0068C5F9 /* SceneDelegate.swift in Sources */ = {isa = PBXBuildFile; fileRef = 3ADA2A79240A0BEF0068C5F9 /* SceneDelegate.swift */; };
		3ADA2A7C240A0BEF0068C5F9 /* GameScreenVC.swift in Sources */ = {isa = PBXBuildFile; fileRef = 3ADA2A7B240A0BEF0068C5F9 /* GameScreenVC.swift */; };
		3ADA2A7F240A0BEF0068C5F9 /* Main.storyboard in Resources */ = {isa = PBXBuildFile; fileRef = 3ADA2A7D240A0BEF0068C5F9 /* Main.storyboard */; };
		3ADA2A81240A0BEF0068C5F9 /* Assets.xcassets in Resources */ = {isa = PBXBuildFile; fileRef = 3ADA2A80240A0BEF0068C5F9 /* Assets.xcassets */; };
		3ADA2A84240A0BEF0068C5F9 /* LaunchScreen.storyboard in Resources */ = {isa = PBXBuildFile; fileRef = 3ADA2A82240A0BEF0068C5F9 /* LaunchScreen.storyboard */; };
		3ADA2A91240A0C330068C5F9 /* dingcorrect.wav in Resources */ = {isa = PBXBuildFile; fileRef = 3ADA2A8D240A0C320068C5F9 /* dingcorrect.wav */; };
		3ADA2A92240A0C330068C5F9 /* cardflip.wav in Resources */ = {isa = PBXBuildFile; fileRef = 3ADA2A8E240A0C320068C5F9 /* cardflip.wav */; };
		3ADA2A93240A0C330068C5F9 /* shuffle.wav in Resources */ = {isa = PBXBuildFile; fileRef = 3ADA2A8F240A0C320068C5F9 /* shuffle.wav */; };
		3ADA2A94240A0C330068C5F9 /* dingwrong.wav in Resources */ = {isa = PBXBuildFile; fileRef = 3ADA2A90240A0C330068C5F9 /* dingwrong.wav */; };
		3ADA2A99240A11210068C5F9 /* Card.swift in Sources */ = {isa = PBXBuildFile; fileRef = 3ADA2A98240A11210068C5F9 /* Card.swift */; };
		3ADA2A9B240A183D0068C5F9 /* CardCollectionViewCell.swift in Sources */ = {isa = PBXBuildFile; fileRef = 3ADA2A9A240A183D0068C5F9 /* CardCollectionViewCell.swift */; };
		3AF6065F240A6DCF00DC0D23 /* SoundManager.swift in Sources */ = {isa = PBXBuildFile; fileRef = 3AF6065E240A6DCF00DC0D23 /* SoundManager.swift */; };
		3AF60661240A96DE00DC0D23 /* StartScreenVC.swift in Sources */ = {isa = PBXBuildFile; fileRef = 3AF60660240A96DE00DC0D23 /* StartScreenVC.swift */; };
		3AF60692240AA1DB00DC0D23 /* GameModel.swift in Sources */ = {isa = PBXBuildFile; fileRef = 3AF60691240AA1DB00DC0D23 /* GameModel.swift */; };
/* End PBXBuildFile section */

/* Begin PBXFileReference section */
		3AA3EACF240BBF49008FDF17 /* ScoreResultVC.swift */ = {isa = PBXFileReference; lastKnownFileType = sourcecode.swift; path = ScoreResultVC.swift; sourceTree = "<group>"; };
		3ADA2A74240A0BEF0068C5F9 /* CardApp(Practice2).app */ = {isa = PBXFileReference; explicitFileType = wrapper.application; includeInIndex = 0; path = "CardApp(Practice2).app"; sourceTree = BUILT_PRODUCTS_DIR; };
		3ADA2A77240A0BEF0068C5F9 /* AppDelegate.swift */ = {isa = PBXFileReference; lastKnownFileType = sourcecode.swift; path = AppDelegate.swift; sourceTree = "<group>"; };
		3ADA2A79240A0BEF0068C5F9 /* SceneDelegate.swift */ = {isa = PBXFileReference; lastKnownFileType = sourcecode.swift; path = SceneDelegate.swift; sourceTree = "<group>"; };
		3ADA2A7B240A0BEF0068C5F9 /* GameScreenVC.swift */ = {isa = PBXFileReference; lastKnownFileType = sourcecode.swift; path = GameScreenVC.swift; sourceTree = "<group>"; };
		3ADA2A7E240A0BEF0068C5F9 /* Base */ = {isa = PBXFileReference; lastKnownFileType = file.storyboard; name = Base; path = Base.lproj/Main.storyboard; sourceTree = "<group>"; };
		3ADA2A80240A0BEF0068C5F9 /* Assets.xcassets */ = {isa = PBXFileReference; lastKnownFileType = folder.assetcatalog; path = Assets.xcassets; sourceTree = "<group>"; };
		3ADA2A83240A0BEF0068C5F9 /* Base */ = {isa = PBXFileReference; lastKnownFileType = file.storyboard; name = Base; path = Base.lproj/LaunchScreen.storyboard; sourceTree = "<group>"; };
		3ADA2A85240A0BEF0068C5F9 /* Info.plist */ = {isa = PBXFileReference; lastKnownFileType = text.plist.xml; path = Info.plist; sourceTree = "<group>"; };
		3ADA2A8D240A0C320068C5F9 /* dingcorrect.wav */ = {isa = PBXFileReference; lastKnownFileType = audio.wav; name = dingcorrect.wav; path = "M3L12 Lesson Assets Sounds/dingcorrect.wav"; sourceTree = SOURCE_ROOT; };
		3ADA2A8E240A0C320068C5F9 /* cardflip.wav */ = {isa = PBXFileReference; lastKnownFileType = audio.wav; name = cardflip.wav; path = "M3L12 Lesson Assets Sounds/cardflip.wav"; sourceTree = SOURCE_ROOT; };
		3ADA2A8F240A0C320068C5F9 /* shuffle.wav */ = {isa = PBXFileReference; lastKnownFileType = audio.wav; name = shuffle.wav; path = "M3L12 Lesson Assets Sounds/shuffle.wav"; sourceTree = SOURCE_ROOT; };
		3ADA2A90240A0C330068C5F9 /* dingwrong.wav */ = {isa = PBXFileReference; lastKnownFileType = audio.wav; name = dingwrong.wav; path = "M3L12 Lesson Assets Sounds/dingwrong.wav"; sourceTree = SOURCE_ROOT; };
		3ADA2A98240A11210068C5F9 /* Card.swift */ = {isa = PBXFileReference; lastKnownFileType = sourcecode.swift; path = Card.swift; sourceTree = "<group>"; };
		3ADA2A9A240A183D0068C5F9 /* CardCollectionViewCell.swift */ = {isa = PBXFileReference; lastKnownFileType = sourcecode.swift; path = CardCollectionViewCell.swift; sourceTree = "<group>"; };
		3AF6065E240A6DCF00DC0D23 /* SoundManager.swift */ = {isa = PBXFileReference; lastKnownFileType = sourcecode.swift; path = SoundManager.swift; sourceTree = "<group>"; };
		3AF60660240A96DE00DC0D23 /* StartScreenVC.swift */ = {isa = PBXFileReference; lastKnownFileType = sourcecode.swift; path = StartScreenVC.swift; sourceTree = "<group>"; };
		3AF60691240AA1DB00DC0D23 /* GameModel.swift */ = {isa = PBXFileReference; lastKnownFileType = sourcecode.swift; path = GameModel.swift; sourceTree = "<group>"; };
/* End PBXFileReference section */

/* Begin PBXFrameworksBuildPhase section */
		3ADA2A71240A0BEF0068C5F9 /* Frameworks */ = {
			isa = PBXFrameworksBuildPhase;
			buildActionMask = 2147483647;
			files = (
			);
			runOnlyForDeploymentPostprocessing = 0;
		};
/* End PBXFrameworksBuildPhase section */

/* Begin PBXGroup section */
		3ADA2A6B240A0BEF0068C5F9 = {
			isa = PBXGroup;
			children = (
				3ADA2A76240A0BEF0068C5F9 /* CardApp(Practice2) */,
				3ADA2A75240A0BEF0068C5F9 /* Products */,
			);
			sourceTree = "<group>";
		};
		3ADA2A75240A0BEF0068C5F9 /* Products */ = {
			isa = PBXGroup;
			children = (
				3ADA2A74240A0BEF0068C5F9 /* CardApp(Practice2).app */,
			);
			name = Products;
			sourceTree = "<group>";
		};
		3ADA2A76240A0BEF0068C5F9 /* CardApp(Practice2) */ = {
			isa = PBXGroup;
			children = (
				3ADA2A95240A0C370068C5F9 /* Sounds */,
				3ADA2A77240A0BEF0068C5F9 /* AppDelegate.swift */,
				3ADA2A79240A0BEF0068C5F9 /* SceneDelegate.swift */,
				3ADA2A98240A11210068C5F9 /* Card.swift */,
				3ADA2A9A240A183D0068C5F9 /* CardCollectionViewCell.swift */,
				3AF60691240AA1DB00DC0D23 /* GameModel.swift */,
				3AA3EACF240BBF49008FDF17 /* ScoreResultVC.swift */,
				3ADA2A7B240A0BEF0068C5F9 /* GameScreenVC.swift */,
				3AF60660240A96DE00DC0D23 /* StartScreenVC.swift */,
				3AF6065E240A6DCF00DC0D23 /* SoundManager.swift */,
				3ADA2A7D240A0BEF0068C5F9 /* Main.storyboard */,
				3ADA2A80240A0BEF0068C5F9 /* Assets.xcassets */,
				3ADA2A82240A0BEF0068C5F9 /* LaunchScreen.storyboard */,
				3ADA2A85240A0BEF0068C5F9 /* Info.plist */,
			);
			path = "CardApp(Practice2)";
			sourceTree = "<group>";
		};
		3ADA2A95240A0C370068C5F9 /* Sounds */ = {
			isa = PBXGroup;
			children = (
				3ADA2A8E240A0C320068C5F9 /* cardflip.wav */,
				3ADA2A8D240A0C320068C5F9 /* dingcorrect.wav */,
				3ADA2A90240A0C330068C5F9 /* dingwrong.wav */,
				3ADA2A8F240A0C320068C5F9 /* shuffle.wav */,
			);
			path = Sounds;
			sourceTree = "<group>";
		};
/* End PBXGroup section */

/* Begin PBXNativeTarget section */
		3ADA2A73240A0BEF0068C5F9 /* CardApp(Practice2) */ = {
			isa = PBXNativeTarget;
			buildConfigurationList = 3ADA2A88240A0BEF0068C5F9 /* Build configuration list for PBXNativeTarget "CardApp(Practice2)" */;
			buildPhases = (
				3ADA2A70240A0BEF0068C5F9 /* Sources */,
				3ADA2A71240A0BEF0068C5F9 /* Frameworks */,
				3ADA2A72240A0BEF0068C5F9 /* Resources */,
			);
			buildRules = (
			);
			dependencies = (
			);
			name = "CardApp(Practice2)";
			productName = "CardApp(Practice2)";
			productReference = 3ADA2A74240A0BEF0068C5F9 /* CardApp(Practice2).app */;
			productType = "com.apple.product-type.application";
		};
/* End PBXNativeTarget section */

/* Begin PBXProject section */
		3ADA2A6C240A0BEF0068C5F9 /* Project object */ = {
			isa = PBXProject;
			attributes = {
				LastSwiftUpdateCheck = 1140;
				LastUpgradeCheck = 1140;
				ORGANIZATIONNAME = KRMing;
				TargetAttributes = {
					3ADA2A73240A0BEF0068C5F9 = {
						CreatedOnToolsVersion = 11.4;
					};
				};
			};
			buildConfigurationList = 3ADA2A6F240A0BEF0068C5F9 /* Build configuration list for PBXProject "CardApp(Practice2)" */;
			compatibilityVersion = "Xcode 9.3";
			developmentRegion = en;
			hasScannedForEncodings = 0;
			knownRegions = (
				en,
				Base,
			);
			mainGroup = 3ADA2A6B240A0BEF0068C5F9;
			productRefGroup = 3ADA2A75240A0BEF0068C5F9 /* Products */;
			projectDirPath = "";
			projectRoot = "";
			targets = (
				3ADA2A73240A0BEF0068C5F9 /* CardApp(Practice2) */,
			);
		};
/* End PBXProject section */

/* Begin PBXResourcesBuildPhase section */
		3ADA2A72240A0BEF0068C5F9 /* Resources */ = {
			isa = PBXResourcesBuildPhase;
			buildActionMask = 2147483647;
			files = (
				3ADA2A93240A0C330068C5F9 /* shuffle.wav in Resources */,
				3ADA2A94240A0C330068C5F9 /* dingwrong.wav in Resources */,
				3ADA2A84240A0BEF0068C5F9 /* LaunchScreen.storyboard in Resources */,
				3ADA2A81240A0BEF0068C5F9 /* Assets.xcassets in Resources */,
				3ADA2A7F240A0BEF0068C5F9 /* Main.storyboard in Resources */,
				3ADA2A91240A0C330068C5F9 /* dingcorrect.wav in Resources */,
				3ADA2A92240A0C330068C5F9 /* cardflip.wav in Resources */,
			);
			runOnlyForDeploymentPostprocessing = 0;
		};
/* End PBXResourcesBuildPhase section */

/* Begin PBXSourcesBuildPhase section */
		3ADA2A70240A0BEF0068C5F9 /* Sources */ = {
			isa = PBXSourcesBuildPhase;
			buildActionMask = 2147483647;
			files = (
				3AF60661240A96DE00DC0D23 /* StartScreenVC.swift in Sources */,
				3ADA2A7C240A0BEF0068C5F9 /* GameScreenVC.swift in Sources */,
				3ADA2A78240A0BEF0068C5F9 /* AppDelegate.swift in Sources */,
				3ADA2A7A240A0BEF0068C5F9 /* SceneDelegate.swift in Sources */,
				3ADA2A9B240A183D0068C5F9 /* CardCollectionViewCell.swift in Sources */,
				3AF60692240AA1DB00DC0D23 /* GameModel.swift in Sources */,
				3ADA2A99240A11210068C5F9 /* Card.swift in Sources */,
				3AF6065F240A6DCF00DC0D23 /* SoundManager.swift in Sources */,
				3AA3EAD0240BBF49008FDF17 /* ScoreResultVC.swift in Sources */,
			);
			runOnlyForDeploymentPostprocessing = 0;
		};
/* End PBXSourcesBuildPhase section */

/* Begin PBXVariantGroup section */
		3ADA2A7D240A0BEF0068C5F9 /* Main.storyboard */ = {
			isa = PBXVariantGroup;
			children = (
				3ADA2A7E240A0BEF0068C5F9 /* Base */,
			);
			name = Main.storyboard;
			sourceTree = "<group>";
		};
		3ADA2A82240A0BEF0068C5F9 /* LaunchScreen.storyboard */ = {
			isa = PBXVariantGroup;
			children = (
				3ADA2A83240A0BEF0068C5F9 /* Base */,
			);
			name = LaunchScreen.storyboard;
			sourceTree = "<group>";
		};
/* End PBXVariantGroup section */

/* Begin XCBuildConfiguration section */
		3ADA2A86240A0BEF0068C5F9 /* Debug */ = {
			isa = XCBuildConfiguration;
			buildSettings = {
				ALWAYS_SEARCH_USER_PATHS = NO;
				CLANG_ANALYZER_NONNULL = YES;
				CLANG_ANALYZER_NUMBER_OBJECT_CONVERSION = YES_AGGRESSIVE;
				CLANG_CXX_LANGUAGE_STANDARD = "gnu++14";
				CLANG_CXX_LIBRARY = "libc++";
				CLANG_ENABLE_MODULES = YES;
				CLANG_ENABLE_OBJC_ARC = YES;
				CLANG_ENABLE_OBJC_WEAK = YES;
				CLANG_WARN_BLOCK_CAPTURE_AUTORELEASING = YES;
				CLANG_WARN_BOOL_CONVERSION = YES;
				CLANG_WARN_COMMA = YES;
				CLANG_WARN_CONSTANT_CONVERSION = YES;
				CLANG_WARN_DEPRECATED_OBJC_IMPLEMENTATIONS = YES;
				CLANG_WARN_DIRECT_OBJC_ISA_USAGE = YES_ERROR;
				CLANG_WARN_DOCUMENTATION_COMMENTS = YES;
				CLANG_WARN_EMPTY_BODY = YES;
				CLANG_WARN_ENUM_CONVERSION = YES;
				CLANG_WARN_INFINITE_RECURSION = YES;
				CLANG_WARN_INT_CONVERSION = YES;
				CLANG_WARN_NON_LITERAL_NULL_CONVERSION = YES;
				CLANG_WARN_OBJC_IMPLICIT_RETAIN_SELF = YES;
				CLANG_WARN_OBJC_LITERAL_CONVERSION = YES;
				CLANG_WARN_OBJC_ROOT_CLASS = YES_ERROR;
				CLANG_WARN_RANGE_LOOP_ANALYSIS = YES;
				CLANG_WARN_STRICT_PROTOTYPES = YES;
				CLANG_WARN_SUSPICIOUS_MOVE = YES;
				CLANG_WARN_UNGUARDED_AVAILABILITY = YES_AGGRESSIVE;
				CLANG_WARN_UNREACHABLE_CODE = YES;
				CLANG_WARN__DUPLICATE_METHOD_MATCH = YES;
				COPY_PHASE_STRIP = NO;
				DEBUG_INFORMATION_FORMAT = dwarf;
				ENABLE_STRICT_OBJC_MSGSEND = YES;
				ENABLE_TESTABILITY = YES;
				GCC_C_LANGUAGE_STANDARD = gnu11;
				GCC_DYNAMIC_NO_PIC = NO;
				GCC_NO_COMMON_BLOCKS = YES;
				GCC_OPTIMIZATION_LEVEL = 0;
				GCC_PREPROCESSOR_DEFINITIONS = (
					"DEBUG=1",
					"$(inherited)",
				);
				GCC_WARN_64_TO_32_BIT_CONVERSION = YES;
				GCC_WARN_ABOUT_RETURN_TYPE = YES_ERROR;
				GCC_WARN_UNDECLARED_SELECTOR = YES;
				GCC_WARN_UNINITIALIZED_AUTOS = YES_AGGRESSIVE;
				GCC_WARN_UNUSED_FUNCTION = YES;
				GCC_WARN_UNUSED_VARIABLE = YES;
				IPHONEOS_DEPLOYMENT_TARGET = 13.4;
				MTL_ENABLE_DEBUG_INFO = INCLUDE_SOURCE;
				MTL_FAST_MATH = YES;
				ONLY_ACTIVE_ARCH = YES;
				SDKROOT = iphoneos;
				SWIFT_ACTIVE_COMPILATION_CONDITIONS = DEBUG;
				SWIFT_OPTIMIZATION_LEVEL = "-Onone";
			};
			name = Debug;
		};
		3ADA2A87240A0BEF0068C5F9 /* Release */ = {
			isa = XCBuildConfiguration;
			buildSettings = {
				ALWAYS_SEARCH_USER_PATHS = NO;
				CLANG_ANALYZER_NONNULL = YES;
				CLANG_ANALYZER_NUMBER_OBJECT_CONVERSION = YES_AGGRESSIVE;
				CLANG_CXX_LANGUAGE_STANDARD = "gnu++14";
				CLANG_CXX_LIBRARY = "libc++";
				CLANG_ENABLE_MODULES = YES;
				CLANG_ENABLE_OBJC_ARC = YES;
				CLANG_ENABLE_OBJC_WEAK = YES;
				CLANG_WARN_BLOCK_CAPTURE_AUTORELEASING = YES;
				CLANG_WARN_BOOL_CONVERSION = YES;
				CLANG_WARN_COMMA = YES;
				CLANG_WARN_CONSTANT_CONVERSION = YES;
				CLANG_WARN_DEPRECATED_OBJC_IMPLEMENTATIONS = YES;
				CLANG_WARN_DIRECT_OBJC_ISA_USAGE = YES_ERROR;
				CLANG_WARN_DOCUMENTATION_COMMENTS = YES;
				CLANG_WARN_EMPTY_BODY = YES;
				CLANG_WARN_ENUM_CONVERSION = YES;
				CLANG_WARN_INFINITE_RECURSION = YES;
				CLANG_WARN_INT_CONVERSION = YES;
				CLANG_WARN_NON_LITERAL_NULL_CONVERSION = YES;
				CLANG_WARN_OBJC_IMPLICIT_RETAIN_SELF = YES;
				CLANG_WARN_OBJC_LITERAL_CONVERSION = YES;
				CLANG_WARN_OBJC_ROOT_CLASS = YES_ERROR;
				CLANG_WARN_RANGE_LOOP_ANALYSIS = YES;
				CLANG_WARN_STRICT_PROTOTYPES = YES;
				CLANG_WARN_SUSPICIOUS_MOVE = YES;
				CLANG_WARN_UNGUARDED_AVAILABILITY = YES_AGGRESSIVE;
				CLANG_WARN_UNREACHABLE_CODE = YES;
				CLANG_WARN__DUPLICATE_METHOD_MATCH = YES;
				COPY_PHASE_STRIP = NO;
				DEBUG_INFORMATION_FORMAT = "dwarf-with-dsym";
				ENABLE_NS_ASSERTIONS = NO;
				ENABLE_STRICT_OBJC_MSGSEND = YES;
				GCC_C_LANGUAGE_STANDARD = gnu11;
				GCC_NO_COMMON_BLOCKS = YES;
				GCC_WARN_64_TO_32_BIT_CONVERSION = YES;
				GCC_WARN_ABOUT_RETURN_TYPE = YES_ERROR;
				GCC_WARN_UNDECLARED_SELECTOR = YES;
				GCC_WARN_UNINITIALIZED_AUTOS = YES_AGGRESSIVE;
				GCC_WARN_UNUSED_FUNCTION = YES;
				GCC_WARN_UNUSED_VARIABLE = YES;
				IPHONEOS_DEPLOYMENT_TARGET = 13.4;
				MTL_ENABLE_DEBUG_INFO = NO;
				MTL_FAST_MATH = YES;
				SDKROOT = iphoneos;
				SWIFT_COMPILATION_MODE = wholemodule;
				SWIFT_OPTIMIZATION_LEVEL = "-O";
				VALIDATE_PRODUCT = YES;
			};
			name = Release;
		};
		3ADA2A89240A0BEF0068C5F9 /* Debug */ = {
			isa = XCBuildConfiguration;
			buildSettings = {
				ASSETCATALOG_COMPILER_APPICON_NAME = AppIcon;
				CODE_SIGN_STYLE = Automatic;
				DEVELOPMENT_TEAM = 854W52Q8YX;
				INFOPLIST_FILE = "CardApp(Practice2)/Info.plist";
				IPHONEOS_DEPLOYMENT_TARGET = 13.3;
				LD_RUNPATH_SEARCH_PATHS = (
					"$(inherited)",
					"@executable_path/Frameworks",
				);
				PRODUCT_BUNDLE_IDENTIFIER = "com.ming.CardApp-Practice2-";
				PRODUCT_NAME = "$(TARGET_NAME)";
				SWIFT_VERSION = 5.0;
				TARGETED_DEVICE_FAMILY = "1,2";
			};
			name = Debug;
		};
		3ADA2A8A240A0BEF0068C5F9 /* Release */ = {
			isa = XCBuildConfiguration;
			buildSettings = {
				ASSETCATALOG_COMPILER_APPICON_NAME = AppIcon;
				CODE_SIGN_STYLE = Automatic;
				DEVELOPMENT_TEAM = 854W52Q8YX;
				INFOPLIST_FILE = "CardApp(Practice2)/Info.plist";
				IPHONEOS_DEPLOYMENT_TARGET = 13.3;
				LD_RUNPATH_SEARCH_PATHS = (
					"$(inherited)",
					"@executable_path/Frameworks",
				);
				PRODUCT_BUNDLE_IDENTIFIER = "com.ming.CardApp-Practice2-";
				PRODUCT_NAME = "$(TARGET_NAME)";
				SWIFT_VERSION = 5.0;
				TARGETED_DEVICE_FAMILY = "1,2";
			};
			name = Release;
		};
/* End XCBuildConfiguration section */

/* Begin XCConfigurationList section */
		3ADA2A6F240A0BEF0068C5F9 /* Build configuration list for PBXProject "CardApp(Practice2)" */ = {
			isa = XCConfigurationList;
			buildConfigurations = (
				3ADA2A86240A0BEF0068C5F9 /* Debug */,
				3ADA2A87240A0BEF0068C5F9 /* Release */,
			);
			defaultConfigurationIsVisible = 0;
			defaultConfigurationName = Release;
		};
		3ADA2A88240A0BEF0068C5F9 /* Build configuration list for PBXNativeTarget "CardApp(Practice2)" */ = {
			isa = XCConfigurationList;
			buildConfigurations = (
				3ADA2A89240A0BEF0068C5F9 /* Debug */,
				3ADA2A8A240A0BEF0068C5F9 /* Release */,
			);
			defaultConfigurationIsVisible = 0;
			defaultConfigurationName = Release;
		};
/* End XCConfigurationList section */
	};
	rootObject = 3ADA2A6C240A0BEF0068C5F9 /* Project object */;
}
