// !$*UTF8*$!
{
	archiveVersion = 1;
	classes = {
	};
	objectVersion = 51;
	objects = {

/* Begin PBXBuildFile section */
		1AEF5D2B59515B383CE40EA7 /* Pods_Mingstagram.framework in Frameworks */ = {isa = PBXBuildFile; fileRef = 7B5752C92B39F76304727180 /* Pods_Mingstagram.framework */; };
		3A5CA506241BA666002482C8 /* AppDelegate.swift in Sources */ = {isa = PBXBuildFile; fileRef = 3A5CA505241BA666002482C8 /* AppDelegate.swift */; };
		3A5CA508241BA666002482C8 /* SceneDelegate.swift in Sources */ = {isa = PBXBuildFile; fileRef = 3A5CA507241BA666002482C8 /* SceneDelegate.swift */; };
		3A5CA50D241BA666002482C8 /* Main.storyboard in Resources */ = {isa = PBXBuildFile; fileRef = 3A5CA50B241BA666002482C8 /* Main.storyboard */; };
		3A5CA50F241BA669002482C8 /* Assets.xcassets in Resources */ = {isa = PBXBuildFile; fileRef = 3A5CA50E241BA669002482C8 /* Assets.xcassets */; };
		3A5CA512241BA669002482C8 /* LaunchScreen.storyboard in Resources */ = {isa = PBXBuildFile; fileRef = 3A5CA510241BA669002482C8 /* LaunchScreen.storyboard */; };
		3A5CA51A241BA6EA002482C8 /* GoogleService-Info.plist in Resources */ = {isa = PBXBuildFile; fileRef = 3A5CA519241BA6EA002482C8 /* GoogleService-Info.plist */; };
		3A809CDF241BA99700A5CA7B /* LoginViewController.swift in Sources */ = {isa = PBXBuildFile; fileRef = 3A809CDE241BA99700A5CA7B /* LoginViewController.swift */; };
		3A809CE1241BA9AC00A5CA7B /* CreateProfileViewController.swift in Sources */ = {isa = PBXBuildFile; fileRef = 3A809CE0241BA9AC00A5CA7B /* CreateProfileViewController.swift */; };
		3A809CE3241BA9B600A5CA7B /* FeedViewController.swift in Sources */ = {isa = PBXBuildFile; fileRef = 3A809CE2241BA9B600A5CA7B /* FeedViewController.swift */; };
		3A809CE5241BA9BD00A5CA7B /* CameraViewController.swift in Sources */ = {isa = PBXBuildFile; fileRef = 3A809CE4241BA9BD00A5CA7B /* CameraViewController.swift */; };
		3A809CE7241BA9C400A5CA7B /* SettingsViewController.swift in Sources */ = {isa = PBXBuildFile; fileRef = 3A809CE6241BA9C400A5CA7B /* SettingsViewController.swift */; };
/* End PBXBuildFile section */

/* Begin PBXFileReference section */
		3A5CA502241BA666002482C8 /* Mingstagram.app */ = {isa = PBXFileReference; explicitFileType = wrapper.application; includeInIndex = 0; path = Mingstagram.app; sourceTree = BUILT_PRODUCTS_DIR; };
		3A5CA505241BA666002482C8 /* AppDelegate.swift */ = {isa = PBXFileReference; lastKnownFileType = sourcecode.swift; path = AppDelegate.swift; sourceTree = "<group>"; };
		3A5CA507241BA666002482C8 /* SceneDelegate.swift */ = {isa = PBXFileReference; lastKnownFileType = sourcecode.swift; path = SceneDelegate.swift; sourceTree = "<group>"; };
		3A5CA50C241BA666002482C8 /* Base */ = {isa = PBXFileReference; lastKnownFileType = file.storyboard; name = Base; path = Base.lproj/Main.storyboard; sourceTree = "<group>"; };
		3A5CA50E241BA669002482C8 /* Assets.xcassets */ = {isa = PBXFileReference; lastKnownFileType = folder.assetcatalog; path = Assets.xcassets; sourceTree = "<group>"; };
		3A5CA511241BA669002482C8 /* Base */ = {isa = PBXFileReference; lastKnownFileType = file.storyboard; name = Base; path = Base.lproj/LaunchScreen.storyboard; sourceTree = "<group>"; };
		3A5CA513241BA669002482C8 /* Info.plist */ = {isa = PBXFileReference; lastKnownFileType = text.plist.xml; path = Info.plist; sourceTree = "<group>"; };
		3A5CA519241BA6EA002482C8 /* GoogleService-Info.plist */ = {isa = PBXFileReference; fileEncoding = 4; lastKnownFileType = text.plist.xml; path = "GoogleService-Info.plist"; sourceTree = "<group>"; };
		3A809CDE241BA99700A5CA7B /* LoginViewController.swift */ = {isa = PBXFileReference; lastKnownFileType = sourcecode.swift; path = LoginViewController.swift; sourceTree = "<group>"; };
		3A809CE0241BA9AC00A5CA7B /* CreateProfileViewController.swift */ = {isa = PBXFileReference; lastKnownFileType = sourcecode.swift; path = CreateProfileViewController.swift; sourceTree = "<group>"; };
		3A809CE2241BA9B600A5CA7B /* FeedViewController.swift */ = {isa = PBXFileReference; lastKnownFileType = sourcecode.swift; path = FeedViewController.swift; sourceTree = "<group>"; };
		3A809CE4241BA9BD00A5CA7B /* CameraViewController.swift */ = {isa = PBXFileReference; lastKnownFileType = sourcecode.swift; path = CameraViewController.swift; sourceTree = "<group>"; };
		3A809CE6241BA9C400A5CA7B /* SettingsViewController.swift */ = {isa = PBXFileReference; lastKnownFileType = sourcecode.swift; path = SettingsViewController.swift; sourceTree = "<group>"; };
		63B3C7C9430048367D4C1E8C /* Pods-Mingstagram.release.xcconfig */ = {isa = PBXFileReference; includeInIndex = 1; lastKnownFileType = text.xcconfig; name = "Pods-Mingstagram.release.xcconfig"; path = "Target Support Files/Pods-Mingstagram/Pods-Mingstagram.release.xcconfig"; sourceTree = "<group>"; };
		7B5752C92B39F76304727180 /* Pods_Mingstagram.framework */ = {isa = PBXFileReference; explicitFileType = wrapper.framework; includeInIndex = 0; path = Pods_Mingstagram.framework; sourceTree = BUILT_PRODUCTS_DIR; };
		D35AA51216209A8D5A7FA90F /* Pods-Mingstagram.debug.xcconfig */ = {isa = PBXFileReference; includeInIndex = 1; lastKnownFileType = text.xcconfig; name = "Pods-Mingstagram.debug.xcconfig"; path = "Target Support Files/Pods-Mingstagram/Pods-Mingstagram.debug.xcconfig"; sourceTree = "<group>"; };
/* End PBXFileReference section */

/* Begin PBXFrameworksBuildPhase section */
		3A5CA4FF241BA666002482C8 /* Frameworks */ = {
			isa = PBXFrameworksBuildPhase;
			buildActionMask = 2147483647;
			files = (
				1AEF5D2B59515B383CE40EA7 /* Pods_Mingstagram.framework in Frameworks */,
			);
			runOnlyForDeploymentPostprocessing = 0;
		};
/* End PBXFrameworksBuildPhase section */

/* Begin PBXGroup section */
		3A5CA4F9241BA666002482C8 = {
			isa = PBXGroup;
			children = (
				3A5CA504241BA666002482C8 /* Mingstagram */,
				3A5CA503241BA666002482C8 /* Products */,
				BA990624847BAB84DDE20390 /* Pods */,
				7B663E7C5F8526D807B8C578 /* Frameworks */,
			);
			sourceTree = "<group>";
		};
		3A5CA503241BA666002482C8 /* Products */ = {
			isa = PBXGroup;
			children = (
				3A5CA502241BA666002482C8 /* Mingstagram.app */,
			);
			name = Products;
			sourceTree = "<group>";
		};
		3A5CA504241BA666002482C8 /* Mingstagram */ = {
			isa = PBXGroup;
			children = (
				3A5CA505241BA666002482C8 /* AppDelegate.swift */,
				3A5CA507241BA666002482C8 /* SceneDelegate.swift */,
				3A809CE9241BAF7D00A5CA7B /* Storyboards */,
				3A809CED241BAFB000A5CA7B /* Services */,
				3A809CEC241BAFA900A5CA7B /* Helpers */,
				3A809CEB241BAFA400A5CA7B /* Views */,
				3A809CEA241BAF9D00A5CA7B /* Models */,
				3A809CE8241BAF5E00A5CA7B /* ViewControllers */,
				3A5CA50E241BA669002482C8 /* Assets.xcassets */,
				3A5CA513241BA669002482C8 /* Info.plist */,
				3A5CA519241BA6EA002482C8 /* GoogleService-Info.plist */,
			);
			path = Mingstagram;
			sourceTree = "<group>";
		};
		3A809CE8241BAF5E00A5CA7B /* ViewControllers */ = {
			isa = PBXGroup;
			children = (
				3A809CDE241BA99700A5CA7B /* LoginViewController.swift */,
				3A809CE0241BA9AC00A5CA7B /* CreateProfileViewController.swift */,
				3A809CE2241BA9B600A5CA7B /* FeedViewController.swift */,
				3A809CE4241BA9BD00A5CA7B /* CameraViewController.swift */,
				3A809CE6241BA9C400A5CA7B /* SettingsViewController.swift */,
			);
			path = ViewControllers;
			sourceTree = "<group>";
		};
		3A809CE9241BAF7D00A5CA7B /* Storyboards */ = {
			isa = PBXGroup;
			children = (
				3A5CA510241BA669002482C8 /* LaunchScreen.storyboard */,
				3A5CA50B241BA666002482C8 /* Main.storyboard */,
			);
			path = Storyboards;
			sourceTree = "<group>";
		};
		3A809CEA241BAF9D00A5CA7B /* Models */ = {
			isa = PBXGroup;
			children = (
			);
			path = Models;
			sourceTree = "<group>";
		};
		3A809CEB241BAFA400A5CA7B /* Views */ = {
			isa = PBXGroup;
			children = (
			);
			path = Views;
			sourceTree = "<group>";
		};
		3A809CEC241BAFA900A5CA7B /* Helpers */ = {
			isa = PBXGroup;
			children = (
			);
			path = Helpers;
			sourceTree = "<group>";
		};
		3A809CED241BAFB000A5CA7B /* Services */ = {
			isa = PBXGroup;
			children = (
			);
			path = Services;
			sourceTree = "<group>";
		};
		7B663E7C5F8526D807B8C578 /* Frameworks */ = {
			isa = PBXGroup;
			children = (
				7B5752C92B39F76304727180 /* Pods_Mingstagram.framework */,
			);
			name = Frameworks;
			sourceTree = "<group>";
		};
		BA990624847BAB84DDE20390 /* Pods */ = {
			isa = PBXGroup;
			children = (
				D35AA51216209A8D5A7FA90F /* Pods-Mingstagram.debug.xcconfig */,
				63B3C7C9430048367D4C1E8C /* Pods-Mingstagram.release.xcconfig */,
			);
			path = Pods;
			sourceTree = "<group>";
		};
/* End PBXGroup section */

/* Begin PBXNativeTarget section */
		3A5CA501241BA666002482C8 /* Mingstagram */ = {
			isa = PBXNativeTarget;
			buildConfigurationList = 3A5CA516241BA669002482C8 /* Build configuration list for PBXNativeTarget "Mingstagram" */;
			buildPhases = (
				55DA285F6D6C63777EA51462 /* [CP] Check Pods Manifest.lock */,
				3A5CA4FE241BA666002482C8 /* Sources */,
				3A5CA4FF241BA666002482C8 /* Frameworks */,
				3A5CA500241BA666002482C8 /* Resources */,
				D63F08F63A39309E98D31BDF /* [CP] Embed Pods Frameworks */,
				F74FF2CE358DCD699835C89A /* [CP] Copy Pods Resources */,
			);
			buildRules = (
			);
			dependencies = (
			);
			name = Mingstagram;
			productName = Mingstagram;
			productReference = 3A5CA502241BA666002482C8 /* Mingstagram.app */;
			productType = "com.apple.product-type.application";
		};
/* End PBXNativeTarget section */

/* Begin PBXProject section */
		3A5CA4FA241BA666002482C8 /* Project object */ = {
			isa = PBXProject;
			attributes = {
				LastSwiftUpdateCheck = 1140;
				LastUpgradeCheck = 1140;
				ORGANIZATIONNAME = KRMing;
				TargetAttributes = {
					3A5CA501241BA666002482C8 = {
						CreatedOnToolsVersion = 11.4;
					};
				};
			};
			buildConfigurationList = 3A5CA4FD241BA666002482C8 /* Build configuration list for PBXProject "Mingstagram" */;
			compatibilityVersion = "Xcode 9.3";
			developmentRegion = en;
			hasScannedForEncodings = 0;
			knownRegions = (
				en,
				Base,
			);
			mainGroup = 3A5CA4F9241BA666002482C8;
			productRefGroup = 3A5CA503241BA666002482C8 /* Products */;
			projectDirPath = "";
			projectRoot = "";
			targets = (
				3A5CA501241BA666002482C8 /* Mingstagram */,
			);
		};
/* End PBXProject section */

/* Begin PBXResourcesBuildPhase section */
		3A5CA500241BA666002482C8 /* Resources */ = {
			isa = PBXResourcesBuildPhase;
			buildActionMask = 2147483647;
			files = (
				3A5CA512241BA669002482C8 /* LaunchScreen.storyboard in Resources */,
				3A5CA51A241BA6EA002482C8 /* GoogleService-Info.plist in Resources */,
				3A5CA50F241BA669002482C8 /* Assets.xcassets in Resources */,
				3A5CA50D241BA666002482C8 /* Main.storyboard in Resources */,
			);
			runOnlyForDeploymentPostprocessing = 0;
		};
/* End PBXResourcesBuildPhase section */

/* Begin PBXShellScriptBuildPhase section */
		55DA285F6D6C63777EA51462 /* [CP] Check Pods Manifest.lock */ = {
			isa = PBXShellScriptBuildPhase;
			buildActionMask = 2147483647;
			files = (
			);
			inputFileListPaths = (
			);
			inputPaths = (
				"${PODS_PODFILE_DIR_PATH}/Podfile.lock",
				"${PODS_ROOT}/Manifest.lock",
			);
			name = "[CP] Check Pods Manifest.lock";
			outputFileListPaths = (
			);
			outputPaths = (
				"$(DERIVED_FILE_DIR)/Pods-Mingstagram-checkManifestLockResult.txt",
			);
			runOnlyForDeploymentPostprocessing = 0;
			shellPath = /bin/sh;
			shellScript = "diff \"${PODS_PODFILE_DIR_PATH}/Podfile.lock\" \"${PODS_ROOT}/Manifest.lock\" > /dev/null\nif [ $? != 0 ] ; then\n    # print error to STDERR\n    echo \"error: The sandbox is not in sync with the Podfile.lock. Run 'pod install' or update your CocoaPods installation.\" >&2\n    exit 1\nfi\n# This output is used by Xcode 'outputs' to avoid re-running this script phase.\necho \"SUCCESS\" > \"${SCRIPT_OUTPUT_FILE_0}\"\n";
			showEnvVarsInLog = 0;
		};
		D63F08F63A39309E98D31BDF /* [CP] Embed Pods Frameworks */ = {
			isa = PBXShellScriptBuildPhase;
			buildActionMask = 2147483647;
			files = (
			);
			inputFileListPaths = (
				"${PODS_ROOT}/Target Support Files/Pods-Mingstagram/Pods-Mingstagram-frameworks-${CONFIGURATION}-input-files.xcfilelist",
			);
			name = "[CP] Embed Pods Frameworks";
			outputFileListPaths = (
				"${PODS_ROOT}/Target Support Files/Pods-Mingstagram/Pods-Mingstagram-frameworks-${CONFIGURATION}-output-files.xcfilelist",
			);
			runOnlyForDeploymentPostprocessing = 0;
			shellPath = /bin/sh;
			shellScript = "\"${PODS_ROOT}/Target Support Files/Pods-Mingstagram/Pods-Mingstagram-frameworks.sh\"\n";
			showEnvVarsInLog = 0;
		};
		F74FF2CE358DCD699835C89A /* [CP] Copy Pods Resources */ = {
			isa = PBXShellScriptBuildPhase;
			buildActionMask = 2147483647;
			files = (
			);
			inputFileListPaths = (
				"${PODS_ROOT}/Target Support Files/Pods-Mingstagram/Pods-Mingstagram-resources-${CONFIGURATION}-input-files.xcfilelist",
			);
			name = "[CP] Copy Pods Resources";
			outputFileListPaths = (
				"${PODS_ROOT}/Target Support Files/Pods-Mingstagram/Pods-Mingstagram-resources-${CONFIGURATION}-output-files.xcfilelist",
			);
			runOnlyForDeploymentPostprocessing = 0;
			shellPath = /bin/sh;
			shellScript = "\"${PODS_ROOT}/Target Support Files/Pods-Mingstagram/Pods-Mingstagram-resources.sh\"\n";
			showEnvVarsInLog = 0;
		};
/* End PBXShellScriptBuildPhase section */

/* Begin PBXSourcesBuildPhase section */
		3A5CA4FE241BA666002482C8 /* Sources */ = {
			isa = PBXSourcesBuildPhase;
			buildActionMask = 2147483647;
			files = (
				3A809CE1241BA9AC00A5CA7B /* CreateProfileViewController.swift in Sources */,
				3A809CDF241BA99700A5CA7B /* LoginViewController.swift in Sources */,
				3A809CE7241BA9C400A5CA7B /* SettingsViewController.swift in Sources */,
				3A809CE3241BA9B600A5CA7B /* FeedViewController.swift in Sources */,
				3A5CA506241BA666002482C8 /* AppDelegate.swift in Sources */,
				3A5CA508241BA666002482C8 /* SceneDelegate.swift in Sources */,
				3A809CE5241BA9BD00A5CA7B /* CameraViewController.swift in Sources */,
			);
			runOnlyForDeploymentPostprocessing = 0;
		};
/* End PBXSourcesBuildPhase section */

/* Begin PBXVariantGroup section */
		3A5CA50B241BA666002482C8 /* Main.storyboard */ = {
			isa = PBXVariantGroup;
			children = (
				3A5CA50C241BA666002482C8 /* Base */,
			);
			name = Main.storyboard;
			sourceTree = "<group>";
		};
		3A5CA510241BA669002482C8 /* LaunchScreen.storyboard */ = {
			isa = PBXVariantGroup;
			children = (
				3A5CA511241BA669002482C8 /* Base */,
			);
			name = LaunchScreen.storyboard;
			sourceTree = "<group>";
		};
/* End PBXVariantGroup section */

/* Begin XCBuildConfiguration section */
		3A5CA514241BA669002482C8 /* Debug */ = {
			isa = XCBuildConfiguration;
			buildSettings = {
				ALWAYS_SEARCH_USER_PATHS = NO;
				CLANG_ANALYZER_NONNULL = YES;
				CLANG_ANALYZER_NUMBER_OBJECT_CONVERSION = YES_AGGRESSIVE;
				CLANG_CXX_LANGUAGE_STANDARD = "gnu++14";
				CLANG_CXX_LIBRARY = "libc++";
				CLANG_ENABLE_MODULES = YES;
				CLANG_ENABLE_OBJC_ARC = YES;
				CLANG_ENABLE_OBJC_WEAK = YES;
				CLANG_WARN_BLOCK_CAPTURE_AUTORELEASING = YES;
				CLANG_WARN_BOOL_CONVERSION = YES;
				CLANG_WARN_COMMA = YES;
				CLANG_WARN_CONSTANT_CONVERSION = YES;
				CLANG_WARN_DEPRECATED_OBJC_IMPLEMENTATIONS = YES;
				CLANG_WARN_DIRECT_OBJC_ISA_USAGE = YES_ERROR;
				CLANG_WARN_DOCUMENTATION_COMMENTS = YES;
				CLANG_WARN_EMPTY_BODY = YES;
				CLANG_WARN_ENUM_CONVERSION = YES;
				CLANG_WARN_INFINITE_RECURSION = YES;
				CLANG_WARN_INT_CONVERSION = YES;
				CLANG_WARN_NON_LITERAL_NULL_CONVERSION = YES;
				CLANG_WARN_OBJC_IMPLICIT_RETAIN_SELF = YES;
				CLANG_WARN_OBJC_LITERAL_CONVERSION = YES;
				CLANG_WARN_OBJC_ROOT_CLASS = YES_ERROR;
				CLANG_WARN_RANGE_LOOP_ANALYSIS = YES;
				CLANG_WARN_STRICT_PROTOTYPES = YES;
				CLANG_WARN_SUSPICIOUS_MOVE = YES;
				CLANG_WARN_UNGUARDED_AVAILABILITY = YES_AGGRESSIVE;
				CLANG_WARN_UNREACHABLE_CODE = YES;
				CLANG_WARN__DUPLICATE_METHOD_MATCH = YES;
				COPY_PHASE_STRIP = NO;
				DEBUG_INFORMATION_FORMAT = dwarf;
				ENABLE_STRICT_OBJC_MSGSEND = YES;
				ENABLE_TESTABILITY = YES;
				GCC_C_LANGUAGE_STANDARD = gnu11;
				GCC_DYNAMIC_NO_PIC = NO;
				GCC_NO_COMMON_BLOCKS = YES;
				GCC_OPTIMIZATION_LEVEL = 0;
				GCC_PREPROCESSOR_DEFINITIONS = (
					"DEBUG=1",
					"$(inherited)",
				);
				GCC_WARN_64_TO_32_BIT_CONVERSION = YES;
				GCC_WARN_ABOUT_RETURN_TYPE = YES_ERROR;
				GCC_WARN_UNDECLARED_SELECTOR = YES;
				GCC_WARN_UNINITIALIZED_AUTOS = YES_AGGRESSIVE;
				GCC_WARN_UNUSED_FUNCTION = YES;
				GCC_WARN_UNUSED_VARIABLE = YES;
				IPHONEOS_DEPLOYMENT_TARGET = 13.4;
				MTL_ENABLE_DEBUG_INFO = INCLUDE_SOURCE;
				MTL_FAST_MATH = YES;
				ONLY_ACTIVE_ARCH = YES;
				SDKROOT = iphoneos;
				SWIFT_ACTIVE_COMPILATION_CONDITIONS = DEBUG;
				SWIFT_OPTIMIZATION_LEVEL = "-Onone";
			};
			name = Debug;
		};
		3A5CA515241BA669002482C8 /* Release */ = {
			isa = XCBuildConfiguration;
			buildSettings = {
				ALWAYS_SEARCH_USER_PATHS = NO;
				CLANG_ANALYZER_NONNULL = YES;
				CLANG_ANALYZER_NUMBER_OBJECT_CONVERSION = YES_AGGRESSIVE;
				CLANG_CXX_LANGUAGE_STANDARD = "gnu++14";
				CLANG_CXX_LIBRARY = "libc++";
				CLANG_ENABLE_MODULES = YES;
				CLANG_ENABLE_OBJC_ARC = YES;
				CLANG_ENABLE_OBJC_WEAK = YES;
				CLANG_WARN_BLOCK_CAPTURE_AUTORELEASING = YES;
				CLANG_WARN_BOOL_CONVERSION = YES;
				CLANG_WARN_COMMA = YES;
				CLANG_WARN_CONSTANT_CONVERSION = YES;
				CLANG_WARN_DEPRECATED_OBJC_IMPLEMENTATIONS = YES;
				CLANG_WARN_DIRECT_OBJC_ISA_USAGE = YES_ERROR;
				CLANG_WARN_DOCUMENTATION_COMMENTS = YES;
				CLANG_WARN_EMPTY_BODY = YES;
				CLANG_WARN_ENUM_CONVERSION = YES;
				CLANG_WARN_INFINITE_RECURSION = YES;
				CLANG_WARN_INT_CONVERSION = YES;
				CLANG_WARN_NON_LITERAL_NULL_CONVERSION = YES;
				CLANG_WARN_OBJC_IMPLICIT_RETAIN_SELF = YES;
				CLANG_WARN_OBJC_LITERAL_CONVERSION = YES;
				CLANG_WARN_OBJC_ROOT_CLASS = YES_ERROR;
				CLANG_WARN_RANGE_LOOP_ANALYSIS = YES;
				CLANG_WARN_STRICT_PROTOTYPES = YES;
				CLANG_WARN_SUSPICIOUS_MOVE = YES;
				CLANG_WARN_UNGUARDED_AVAILABILITY = YES_AGGRESSIVE;
				CLANG_WARN_UNREACHABLE_CODE = YES;
				CLANG_WARN__DUPLICATE_METHOD_MATCH = YES;
				COPY_PHASE_STRIP = NO;
				DEBUG_INFORMATION_FORMAT = "dwarf-with-dsym";
				ENABLE_NS_ASSERTIONS = NO;
				ENABLE_STRICT_OBJC_MSGSEND = YES;
				GCC_C_LANGUAGE_STANDARD = gnu11;
				GCC_NO_COMMON_BLOCKS = YES;
				GCC_WARN_64_TO_32_BIT_CONVERSION = YES;
				GCC_WARN_ABOUT_RETURN_TYPE = YES_ERROR;
				GCC_WARN_UNDECLARED_SELECTOR = YES;
				GCC_WARN_UNINITIALIZED_AUTOS = YES_AGGRESSIVE;
				GCC_WARN_UNUSED_FUNCTION = YES;
				GCC_WARN_UNUSED_VARIABLE = YES;
				IPHONEOS_DEPLOYMENT_TARGET = 13.4;
				MTL_ENABLE_DEBUG_INFO = NO;
				MTL_FAST_MATH = YES;
				SDKROOT = iphoneos;
				SWIFT_COMPILATION_MODE = wholemodule;
				SWIFT_OPTIMIZATION_LEVEL = "-O";
				VALIDATE_PRODUCT = YES;
			};
			name = Release;
		};
		3A5CA517241BA669002482C8 /* Debug */ = {
			isa = XCBuildConfiguration;
			baseConfigurationReference = D35AA51216209A8D5A7FA90F /* Pods-Mingstagram.debug.xcconfig */;
			buildSettings = {
				ASSETCATALOG_COMPILER_APPICON_NAME = AppIcon;
				CODE_SIGN_STYLE = Automatic;
				DEVELOPMENT_TEAM = 854W52Q8YX;
				INFOPLIST_FILE = Mingstagram/Info.plist;
				LD_RUNPATH_SEARCH_PATHS = (
					"$(inherited)",
					"@executable_path/Frameworks",
				);
				PRODUCT_BUNDLE_IDENTIFIER = com.KRMing.Mingstagram;
				PRODUCT_NAME = "$(TARGET_NAME)";
				SWIFT_VERSION = 5.0;
				TARGETED_DEVICE_FAMILY = "1,2";
			};
			name = Debug;
		};
		3A5CA518241BA669002482C8 /* Release */ = {
			isa = XCBuildConfiguration;
			baseConfigurationReference = 63B3C7C9430048367D4C1E8C /* Pods-Mingstagram.release.xcconfig */;
			buildSettings = {
				ASSETCATALOG_COMPILER_APPICON_NAME = AppIcon;
				CODE_SIGN_STYLE = Automatic;
				DEVELOPMENT_TEAM = 854W52Q8YX;
				INFOPLIST_FILE = Mingstagram/Info.plist;
				LD_RUNPATH_SEARCH_PATHS = (
					"$(inherited)",
					"@executable_path/Frameworks",
				);
				PRODUCT_BUNDLE_IDENTIFIER = com.KRMing.Mingstagram;
				PRODUCT_NAME = "$(TARGET_NAME)";
				SWIFT_VERSION = 5.0;
				TARGETED_DEVICE_FAMILY = "1,2";
			};
			name = Release;
		};
/* End XCBuildConfiguration section */

/* Begin XCConfigurationList section */
		3A5CA4FD241BA666002482C8 /* Build configuration list for PBXProject "Mingstagram" */ = {
			isa = XCConfigurationList;
			buildConfigurations = (
				3A5CA514241BA669002482C8 /* Debug */,
				3A5CA515241BA669002482C8 /* Release */,
			);
			defaultConfigurationIsVisible = 0;
			defaultConfigurationName = Release;
		};
		3A5CA516241BA669002482C8 /* Build configuration list for PBXNativeTarget "Mingstagram" */ = {
			isa = XCConfigurationList;
			buildConfigurations = (
				3A5CA517241BA669002482C8 /* Debug */,
				3A5CA518241BA669002482C8 /* Release */,
			);
			defaultConfigurationIsVisible = 0;
			defaultConfigurationName = Release;
		};
/* End XCConfigurationList section */
	};
	rootObject = 3A5CA4FA241BA666002482C8 /* Project object */;
}
