// !$*UTF8*$!
{
	archiveVersion = 1;
	classes = {
	};
	objectVersion = 50;
	objects = {

/* Begin PBXBuildFile section */
		3AA3EADE240BCFEE008FDF17 /* AppDelegate.swift in Sources */ = {isa = PBXBuildFile; fileRef = 3AA3EADD240BCFEE008FDF17 /* AppDelegate.swift */; };
		3AA3EAE0240BCFEE008FDF17 /* SceneDelegate.swift in Sources */ = {isa = PBXBuildFile; fileRef = 3AA3EADF240BCFEE008FDF17 /* SceneDelegate.swift */; };
		3AA3EAE2240BCFEE008FDF17 /* BaseScreenVC.swift in Sources */ = {isa = PBXBuildFile; fileRef = 3AA3EAE1240BCFEE008FDF17 /* BaseScreenVC.swift */; };
		3AA3EAE5240BCFEE008FDF17 /* Main.storyboard in Resources */ = {isa = PBXBuildFile; fileRef = 3AA3EAE3240BCFEE008FDF17 /* Main.storyboard */; };
		3AA3EAE7240BCFF0008FDF17 /* Assets.xcassets in Resources */ = {isa = PBXBuildFile; fileRef = 3AA3EAE6240BCFF0008FDF17 /* Assets.xcassets */; };
		3AA3EAEA240BCFF0008FDF17 /* LaunchScreen.storyboard in Resources */ = {isa = PBXBuildFile; fileRef = 3AA3EAE8240BCFF0008FDF17 /* LaunchScreen.storyboard */; };
		3AA3EAF2240BD0CE008FDF17 /* QuestionData.json in Resources */ = {isa = PBXBuildFile; fileRef = 3AA3EAF1240BD0CD008FDF17 /* QuestionData.json */; };
		3AA3EAF4240BD26E008FDF17 /* QuizModel.swift in Sources */ = {isa = PBXBuildFile; fileRef = 3AA3EAF3240BD26E008FDF17 /* QuizModel.swift */; };
		3AA3EAF6240BD2A6008FDF17 /* QuizFormat.swift in Sources */ = {isa = PBXBuildFile; fileRef = 3AA3EAF5240BD2A6008FDF17 /* QuizFormat.swift */; };
/* End PBXBuildFile section */

/* Begin PBXFileReference section */
		3AA3EADA240BCFEE008FDF17 /* QuizApp(Practice).app */ = {isa = PBXFileReference; explicitFileType = wrapper.application; includeInIndex = 0; path = "QuizApp(Practice).app"; sourceTree = BUILT_PRODUCTS_DIR; };
		3AA3EADD240BCFEE008FDF17 /* AppDelegate.swift */ = {isa = PBXFileReference; lastKnownFileType = sourcecode.swift; path = AppDelegate.swift; sourceTree = "<group>"; };
		3AA3EADF240BCFEE008FDF17 /* SceneDelegate.swift */ = {isa = PBXFileReference; lastKnownFileType = sourcecode.swift; path = SceneDelegate.swift; sourceTree = "<group>"; };
		3AA3EAE1240BCFEE008FDF17 /* BaseScreenVC.swift */ = {isa = PBXFileReference; lastKnownFileType = sourcecode.swift; path = BaseScreenVC.swift; sourceTree = "<group>"; };
		3AA3EAE4240BCFEE008FDF17 /* Base */ = {isa = PBXFileReference; lastKnownFileType = file.storyboard; name = Base; path = Base.lproj/Main.storyboard; sourceTree = "<group>"; };
		3AA3EAE6240BCFF0008FDF17 /* Assets.xcassets */ = {isa = PBXFileReference; lastKnownFileType = folder.assetcatalog; path = Assets.xcassets; sourceTree = "<group>"; };
		3AA3EAE9240BCFF0008FDF17 /* Base */ = {isa = PBXFileReference; lastKnownFileType = file.storyboard; name = Base; path = Base.lproj/LaunchScreen.storyboard; sourceTree = "<group>"; };
		3AA3EAEB240BCFF0008FDF17 /* Info.plist */ = {isa = PBXFileReference; lastKnownFileType = text.plist.xml; path = Info.plist; sourceTree = "<group>"; };
		3AA3EAF1240BD0CD008FDF17 /* QuestionData.json */ = {isa = PBXFileReference; fileEncoding = 4; lastKnownFileType = text.json; path = QuestionData.json; sourceTree = SOURCE_ROOT; };
		3AA3EAF3240BD26E008FDF17 /* QuizModel.swift */ = {isa = PBXFileReference; lastKnownFileType = sourcecode.swift; path = QuizModel.swift; sourceTree = "<group>"; };
		3AA3EAF5240BD2A6008FDF17 /* QuizFormat.swift */ = {isa = PBXFileReference; lastKnownFileType = sourcecode.swift; path = QuizFormat.swift; sourceTree = "<group>"; };
/* End PBXFileReference section */

/* Begin PBXFrameworksBuildPhase section */
		3AA3EAD7240BCFEE008FDF17 /* Frameworks */ = {
			isa = PBXFrameworksBuildPhase;
			buildActionMask = 2147483647;
			files = (
			);
			runOnlyForDeploymentPostprocessing = 0;
		};
/* End PBXFrameworksBuildPhase section */

/* Begin PBXGroup section */
		3AA3EAD1240BCFEE008FDF17 = {
			isa = PBXGroup;
			children = (
				3AA3EADC240BCFEE008FDF17 /* QuizApp(Practice) */,
				3AA3EADB240BCFEE008FDF17 /* Products */,
			);
			sourceTree = "<group>";
		};
		3AA3EADB240BCFEE008FDF17 /* Products */ = {
			isa = PBXGroup;
			children = (
				3AA3EADA240BCFEE008FDF17 /* QuizApp(Practice).app */,
			);
			name = Products;
			sourceTree = "<group>";
		};
		3AA3EADC240BCFEE008FDF17 /* QuizApp(Practice) */ = {
			isa = PBXGroup;
			children = (
				3AA3EADD240BCFEE008FDF17 /* AppDelegate.swift */,
				3AA3EADF240BCFEE008FDF17 /* SceneDelegate.swift */,
				3AA3EAE1240BCFEE008FDF17 /* BaseScreenVC.swift */,
				3AA3EAF3240BD26E008FDF17 /* QuizModel.swift */,
				3AA3EAF5240BD2A6008FDF17 /* QuizFormat.swift */,
				3AA3EAE6240BCFF0008FDF17 /* Assets.xcassets */,
				3AA3EAE3240BCFEE008FDF17 /* Main.storyboard */,
				3AA3EAE8240BCFF0008FDF17 /* LaunchScreen.storyboard */,
				3AA3EAEB240BCFF0008FDF17 /* Info.plist */,
				3AA3EAF1240BD0CD008FDF17 /* QuestionData.json */,
			);
			path = "QuizApp(Practice)";
			sourceTree = "<group>";
		};
/* End PBXGroup section */

/* Begin PBXNativeTarget section */
		3AA3EAD9240BCFEE008FDF17 /* QuizApp(Practice) */ = {
			isa = PBXNativeTarget;
			buildConfigurationList = 3AA3EAEE240BCFF0008FDF17 /* Build configuration list for PBXNativeTarget "QuizApp(Practice)" */;
			buildPhases = (
				3AA3EAD6240BCFEE008FDF17 /* Sources */,
				3AA3EAD7240BCFEE008FDF17 /* Frameworks */,
				3AA3EAD8240BCFEE008FDF17 /* Resources */,
			);
			buildRules = (
			);
			dependencies = (
			);
			name = "QuizApp(Practice)";
			productName = "QuizApp(Practice)";
			productReference = 3AA3EADA240BCFEE008FDF17 /* QuizApp(Practice).app */;
			productType = "com.apple.product-type.application";
		};
/* End PBXNativeTarget section */

/* Begin PBXProject section */
		3AA3EAD2240BCFEE008FDF17 /* Project object */ = {
			isa = PBXProject;
			attributes = {
				LastSwiftUpdateCheck = 1140;
				LastUpgradeCheck = 1140;
				ORGANIZATIONNAME = KRMing;
				TargetAttributes = {
					3AA3EAD9240BCFEE008FDF17 = {
						CreatedOnToolsVersion = 11.4;
					};
				};
			};
			buildConfigurationList = 3AA3EAD5240BCFEE008FDF17 /* Build configuration list for PBXProject "QuizApp(Practice)" */;
			compatibilityVersion = "Xcode 9.3";
			developmentRegion = en;
			hasScannedForEncodings = 0;
			knownRegions = (
				en,
				Base,
			);
			mainGroup = 3AA3EAD1240BCFEE008FDF17;
			productRefGroup = 3AA3EADB240BCFEE008FDF17 /* Products */;
			projectDirPath = "";
			projectRoot = "";
			targets = (
				3AA3EAD9240BCFEE008FDF17 /* QuizApp(Practice) */,
			);
		};
/* End PBXProject section */

/* Begin PBXResourcesBuildPhase section */
		3AA3EAD8240BCFEE008FDF17 /* Resources */ = {
			isa = PBXResourcesBuildPhase;
			buildActionMask = 2147483647;
			files = (
				3AA3EAEA240BCFF0008FDF17 /* LaunchScreen.storyboard in Resources */,
				3AA3EAE7240BCFF0008FDF17 /* Assets.xcassets in Resources */,
				3AA3EAE5240BCFEE008FDF17 /* Main.storyboard in Resources */,
				3AA3EAF2240BD0CE008FDF17 /* QuestionData.json in Resources */,
			);
			runOnlyForDeploymentPostprocessing = 0;
		};
/* End PBXResourcesBuildPhase section */

/* Begin PBXSourcesBuildPhase section */
		3AA3EAD6240BCFEE008FDF17 /* Sources */ = {
			isa = PBXSourcesBuildPhase;
			buildActionMask = 2147483647;
			files = (
				3AA3EAF6240BD2A6008FDF17 /* QuizFormat.swift in Sources */,
				3AA3EAF4240BD26E008FDF17 /* QuizModel.swift in Sources */,
				3AA3EAE2240BCFEE008FDF17 /* BaseScreenVC.swift in Sources */,
				3AA3EADE240BCFEE008FDF17 /* AppDelegate.swift in Sources */,
				3AA3EAE0240BCFEE008FDF17 /* SceneDelegate.swift in Sources */,
			);
			runOnlyForDeploymentPostprocessing = 0;
		};
/* End PBXSourcesBuildPhase section */

/* Begin PBXVariantGroup section */
		3AA3EAE3240BCFEE008FDF17 /* Main.storyboard */ = {
			isa = PBXVariantGroup;
			children = (
				3AA3EAE4240BCFEE008FDF17 /* Base */,
			);
			name = Main.storyboard;
			sourceTree = "<group>";
		};
		3AA3EAE8240BCFF0008FDF17 /* LaunchScreen.storyboard */ = {
			isa = PBXVariantGroup;
			children = (
				3AA3EAE9240BCFF0008FDF17 /* Base */,
			);
			name = LaunchScreen.storyboard;
			sourceTree = "<group>";
		};
/* End PBXVariantGroup section */

/* Begin XCBuildConfiguration section */
		3AA3EAEC240BCFF0008FDF17 /* Debug */ = {
			isa = XCBuildConfiguration;
			buildSettings = {
				ALWAYS_SEARCH_USER_PATHS = NO;
				CLANG_ANALYZER_NONNULL = YES;
				CLANG_ANALYZER_NUMBER_OBJECT_CONVERSION = YES_AGGRESSIVE;
				CLANG_CXX_LANGUAGE_STANDARD = "gnu++14";
				CLANG_CXX_LIBRARY = "libc++";
				CLANG_ENABLE_MODULES = YES;
				CLANG_ENABLE_OBJC_ARC = YES;
				CLANG_ENABLE_OBJC_WEAK = YES;
				CLANG_WARN_BLOCK_CAPTURE_AUTORELEASING = YES;
				CLANG_WARN_BOOL_CONVERSION = YES;
				CLANG_WARN_COMMA = YES;
				CLANG_WARN_CONSTANT_CONVERSION = YES;
				CLANG_WARN_DEPRECATED_OBJC_IMPLEMENTATIONS = YES;
				CLANG_WARN_DIRECT_OBJC_ISA_USAGE = YES_ERROR;
				CLANG_WARN_DOCUMENTATION_COMMENTS = YES;
				CLANG_WARN_EMPTY_BODY = YES;
				CLANG_WARN_ENUM_CONVERSION = YES;
				CLANG_WARN_INFINITE_RECURSION = YES;
				CLANG_WARN_INT_CONVERSION = YES;
				CLANG_WARN_NON_LITERAL_NULL_CONVERSION = YES;
				CLANG_WARN_OBJC_IMPLICIT_RETAIN_SELF = YES;
				CLANG_WARN_OBJC_LITERAL_CONVERSION = YES;
				CLANG_WARN_OBJC_ROOT_CLASS = YES_ERROR;
				CLANG_WARN_RANGE_LOOP_ANALYSIS = YES;
				CLANG_WARN_STRICT_PROTOTYPES = YES;
				CLANG_WARN_SUSPICIOUS_MOVE = YES;
				CLANG_WARN_UNGUARDED_AVAILABILITY = YES_AGGRESSIVE;
				CLANG_WARN_UNREACHABLE_CODE = YES;
				CLANG_WARN__DUPLICATE_METHOD_MATCH = YES;
				COPY_PHASE_STRIP = NO;
				DEBUG_INFORMATION_FORMAT = dwarf;
				ENABLE_STRICT_OBJC_MSGSEND = YES;
				ENABLE_TESTABILITY = YES;
				GCC_C_LANGUAGE_STANDARD = gnu11;
				GCC_DYNAMIC_NO_PIC = NO;
				GCC_NO_COMMON_BLOCKS = YES;
				GCC_OPTIMIZATION_LEVEL = 0;
				GCC_PREPROCESSOR_DEFINITIONS = (
					"DEBUG=1",
					"$(inherited)",
				);
				GCC_WARN_64_TO_32_BIT_CONVERSION = YES;
				GCC_WARN_ABOUT_RETURN_TYPE = YES_ERROR;
				GCC_WARN_UNDECLARED_SELECTOR = YES;
				GCC_WARN_UNINITIALIZED_AUTOS = YES_AGGRESSIVE;
				GCC_WARN_UNUSED_FUNCTION = YES;
				GCC_WARN_UNUSED_VARIABLE = YES;
				IPHONEOS_DEPLOYMENT_TARGET = 13.4;
				MTL_ENABLE_DEBUG_INFO = INCLUDE_SOURCE;
				MTL_FAST_MATH = YES;
				ONLY_ACTIVE_ARCH = YES;
				SDKROOT = iphoneos;
				SWIFT_ACTIVE_COMPILATION_CONDITIONS = DEBUG;
				SWIFT_OPTIMIZATION_LEVEL = "-Onone";
			};
			name = Debug;
		};
		3AA3EAED240BCFF0008FDF17 /* Release */ = {
			isa = XCBuildConfiguration;
			buildSettings = {
				ALWAYS_SEARCH_USER_PATHS = NO;
				CLANG_ANALYZER_NONNULL = YES;
				CLANG_ANALYZER_NUMBER_OBJECT_CONVERSION = YES_AGGRESSIVE;
				CLANG_CXX_LANGUAGE_STANDARD = "gnu++14";
				CLANG_CXX_LIBRARY = "libc++";
				CLANG_ENABLE_MODULES = YES;
				CLANG_ENABLE_OBJC_ARC = YES;
				CLANG_ENABLE_OBJC_WEAK = YES;
				CLANG_WARN_BLOCK_CAPTURE_AUTORELEASING = YES;
				CLANG_WARN_BOOL_CONVERSION = YES;
				CLANG_WARN_COMMA = YES;
				CLANG_WARN_CONSTANT_CONVERSION = YES;
				CLANG_WARN_DEPRECATED_OBJC_IMPLEMENTATIONS = YES;
				CLANG_WARN_DIRECT_OBJC_ISA_USAGE = YES_ERROR;
				CLANG_WARN_DOCUMENTATION_COMMENTS = YES;
				CLANG_WARN_EMPTY_BODY = YES;
				CLANG_WARN_ENUM_CONVERSION = YES;
				CLANG_WARN_INFINITE_RECURSION = YES;
				CLANG_WARN_INT_CONVERSION = YES;
				CLANG_WARN_NON_LITERAL_NULL_CONVERSION = YES;
				CLANG_WARN_OBJC_IMPLICIT_RETAIN_SELF = YES;
				CLANG_WARN_OBJC_LITERAL_CONVERSION = YES;
				CLANG_WARN_OBJC_ROOT_CLASS = YES_ERROR;
				CLANG_WARN_RANGE_LOOP_ANALYSIS = YES;
				CLANG_WARN_STRICT_PROTOTYPES = YES;
				CLANG_WARN_SUSPICIOUS_MOVE = YES;
				CLANG_WARN_UNGUARDED_AVAILABILITY = YES_AGGRESSIVE;
				CLANG_WARN_UNREACHABLE_CODE = YES;
				CLANG_WARN__DUPLICATE_METHOD_MATCH = YES;
				COPY_PHASE_STRIP = NO;
				DEBUG_INFORMATION_FORMAT = "dwarf-with-dsym";
				ENABLE_NS_ASSERTIONS = NO;
				ENABLE_STRICT_OBJC_MSGSEND = YES;
				GCC_C_LANGUAGE_STANDARD = gnu11;
				GCC_NO_COMMON_BLOCKS = YES;
				GCC_WARN_64_TO_32_BIT_CONVERSION = YES;
				GCC_WARN_ABOUT_RETURN_TYPE = YES_ERROR;
				GCC_WARN_UNDECLARED_SELECTOR = YES;
				GCC_WARN_UNINITIALIZED_AUTOS = YES_AGGRESSIVE;
				GCC_WARN_UNUSED_FUNCTION = YES;
				GCC_WARN_UNUSED_VARIABLE = YES;
				IPHONEOS_DEPLOYMENT_TARGET = 13.4;
				MTL_ENABLE_DEBUG_INFO = NO;
				MTL_FAST_MATH = YES;
				SDKROOT = iphoneos;
				SWIFT_COMPILATION_MODE = wholemodule;
				SWIFT_OPTIMIZATION_LEVEL = "-O";
				VALIDATE_PRODUCT = YES;
			};
			name = Release;
		};
		3AA3EAEF240BCFF0008FDF17 /* Debug */ = {
			isa = XCBuildConfiguration;
			buildSettings = {
				ASSETCATALOG_COMPILER_APPICON_NAME = AppIcon;
				CODE_SIGN_STYLE = Automatic;
				DEVELOPMENT_TEAM = 854W52Q8YX;
				INFOPLIST_FILE = "QuizApp(Practice)/Info.plist";
				LD_RUNPATH_SEARCH_PATHS = (
					"$(inherited)",
					"@executable_path/Frameworks",
				);
				PRODUCT_BUNDLE_IDENTIFIER = "com.ming.QuizApp-Practice-";
				PRODUCT_NAME = "$(TARGET_NAME)";
				SWIFT_VERSION = 5.0;
				TARGETED_DEVICE_FAMILY = "1,2";
			};
			name = Debug;
		};
		3AA3EAF0240BCFF0008FDF17 /* Release */ = {
			isa = XCBuildConfiguration;
			buildSettings = {
				ASSETCATALOG_COMPILER_APPICON_NAME = AppIcon;
				CODE_SIGN_STYLE = Automatic;
				DEVELOPMENT_TEAM = 854W52Q8YX;
				INFOPLIST_FILE = "QuizApp(Practice)/Info.plist";
				LD_RUNPATH_SEARCH_PATHS = (
					"$(inherited)",
					"@executable_path/Frameworks",
				);
				PRODUCT_BUNDLE_IDENTIFIER = "com.ming.QuizApp-Practice-";
				PRODUCT_NAME = "$(TARGET_NAME)";
				SWIFT_VERSION = 5.0;
				TARGETED_DEVICE_FAMILY = "1,2";
			};
			name = Release;
		};
/* End XCBuildConfiguration section */

/* Begin XCConfigurationList section */
		3AA3EAD5240BCFEE008FDF17 /* Build configuration list for PBXProject "QuizApp(Practice)" */ = {
			isa = XCConfigurationList;
			buildConfigurations = (
				3AA3EAEC240BCFF0008FDF17 /* Debug */,
				3AA3EAED240BCFF0008FDF17 /* Release */,
			);
			defaultConfigurationIsVisible = 0;
			defaultConfigurationName = Release;
		};
		3AA3EAEE240BCFF0008FDF17 /* Build configuration list for PBXNativeTarget "QuizApp(Practice)" */ = {
			isa = XCConfigurationList;
			buildConfigurations = (
				3AA3EAEF240BCFF0008FDF17 /* Debug */,
				3AA3EAF0240BCFF0008FDF17 /* Release */,
			);
			defaultConfigurationIsVisible = 0;
			defaultConfigurationName = Release;
		};
/* End XCConfigurationList section */
	};
	rootObject = 3AA3EAD2240BCFEE008FDF17 /* Project object */;
}
